
Microsoft Visual Studio Solution File, Format Version 12.00
Project("{FAE04EC0-301F-11D3-BF4B-00C04F79EFBC}") = "s1", "s1\s1.csproj", "{3201BBC8-9709-4F61-8C48-5FC2E06F2868}"
EndProject
Global
	GlobalSection(SolutionConfigurationPlatforms) = preSolution
		Debug|Any CPU = Debug|Any CPU
		Release|Any CPU = Release|Any CPU
	EndGlobalSection
	GlobalSection(ProjectConfigurationPlatforms) = postSolution
		{3201BBC8-9709-4F61-8C48-5FC2E06F2868}.Debug|Any CPU.ActiveCfg = Debug|Any CPU
		{3201BBC8-9709-4F61-8C48-5FC2E06F2868}.Debug|Any CPU.Build.0 = Debug|Any CPU
		{3201BBC8-9709-4F61-8C48-5FC2E06F2868}.Release|Any CPU.ActiveCfg = Release|Any CPU
		{3201BBC8-9709-4F61-8C48-5FC2E06F2868}.Release|Any CPU.Build.0 = Release|Any CPU
	EndGlobalSection
EndGlobal
